{
  "nodes": {
    "nixpkgs": {
      "locked": {
        "lastModified": 1739797598,
        "narHash": "sha256-xH7nJ4htxvVigyty0XFPob47mLazllVLP0sYFTc9b/g=",
        "owner": "NixOS",
        "repo": "nixpkgs",
        "rev": "9855e2d3f265add064386d5db7b66b0d18a9977a",
        "type": "github"
      },
      "original": {
        "owner": "NixOS",
        "repo": "nixpkgs",
        "rev": "9855e2d3f265add064386d5db7b66b0d18a9977a",
        "type": "github"
      }
    },
    "root": {
      "inputs": {
        "nixpkgs": "nixpkgs"
      }
    }
  },
  "root": "root",
  "version": 7
}
